
Microsoft Visual Studio Solution File, Format Version 12.00
# Visual Studio Version 17
VisualStudioVersion = 17.10.35013.160
MinimumVisualStudioVersion = 10.0.40219.1
Project("{FAE04EC0-301F-11D3-BF4B-00C04F79EFBC}") = "SchedulerApp.Domain", "SchedulerApp.Domain\SchedulerApp.Domain.csproj", "{CEE013F8-DFA5-4A5A-9309-BA32668C61D1}"
EndProject
Project("{FAE04EC0-301F-11D3-BF4B-00C04F79EFBC}") = "SchedulerApp.Infrastructure", "SchedulerApp.Infrastructure\SchedulerApp.Infrastructure.csproj", "{5FB5FE51-ED6C-4447-96A4-D043FD66A1C4}"
	ProjectSection(ProjectDependencies) = postProject
		{4271A0CA-64FF-441C-BBEB-9516AC4CF16A} = {4271A0CA-64FF-441C-BBEB-9516AC4CF16A}
		{CEE013F8-DFA5-4A5A-9309-BA32668C61D1} = {CEE013F8-DFA5-4A5A-9309-BA32668C61D1}
	EndProjectSection
EndProject
Project("{FAE04EC0-301F-11D3-BF4B-00C04F79EFBC}") = "SchedulerApp.Application", "SchedulerApp.Application\SchedulerApp.Application.csproj", "{4271A0CA-64FF-441C-BBEB-9516AC4CF16A}"
	ProjectSection(ProjectDependencies) = postProject
		{CEE013F8-DFA5-4A5A-9309-BA32668C61D1} = {CEE013F8-DFA5-4A5A-9309-BA32668C61D1}
	EndProjectSection
EndProject
Project("{FAE04EC0-301F-11D3-BF4B-00C04F79EFBC}") = "SchedulerApp.Api", "SchedulerApp.Api\SchedulerApp.Api.csproj", "{0C20A793-8F5F-4FBA-BBF1-1DFFD7264494}"
	ProjectSection(ProjectDependencies) = postProject
		{4271A0CA-64FF-441C-BBEB-9516AC4CF16A} = {4271A0CA-64FF-441C-BBEB-9516AC4CF16A}
	EndProjectSection
EndProject
Global
	GlobalSection(SolutionConfigurationPlatforms) = preSolution
		Debug|Any CPU = Debug|Any CPU
		Release|Any CPU = Release|Any CPU
	EndGlobalSection
	GlobalSection(ProjectConfigurationPlatforms) = postSolution
		{CEE013F8-DFA5-4A5A-9309-BA32668C61D1}.Debug|Any CPU.ActiveCfg = Debug|Any CPU
		{CEE013F8-DFA5-4A5A-9309-BA32668C61D1}.Debug|Any CPU.Build.0 = Debug|Any CPU
		{CEE013F8-DFA5-4A5A-9309-BA32668C61D1}.Release|Any CPU.ActiveCfg = Release|Any CPU
		{CEE013F8-DFA5-4A5A-9309-BA32668C61D1}.Release|Any CPU.Build.0 = Release|Any CPU
		{5FB5FE51-ED6C-4447-96A4-D043FD66A1C4}.Debug|Any CPU.ActiveCfg = Debug|Any CPU
		{5FB5FE51-ED6C-4447-96A4-D043FD66A1C4}.Debug|Any CPU.Build.0 = Debug|Any CPU
		{5FB5FE51-ED6C-4447-96A4-D043FD66A1C4}.Release|Any CPU.ActiveCfg = Release|Any CPU
		{5FB5FE51-ED6C-4447-96A4-D043FD66A1C4}.Release|Any CPU.Build.0 = Release|Any CPU
		{4271A0CA-64FF-441C-BBEB-9516AC4CF16A}.Debug|Any CPU.ActiveCfg = Debug|Any CPU
		{4271A0CA-64FF-441C-BBEB-9516AC4CF16A}.Debug|Any CPU.Build.0 = Debug|Any CPU
		{4271A0CA-64FF-441C-BBEB-9516AC4CF16A}.Release|Any CPU.ActiveCfg = Release|Any CPU
		{4271A0CA-64FF-441C-BBEB-9516AC4CF16A}.Release|Any CPU.Build.0 = Release|Any CPU
		{0C20A793-8F5F-4FBA-BBF1-1DFFD7264494}.Debug|Any CPU.ActiveCfg = Debug|Any CPU
		{0C20A793-8F5F-4FBA-BBF1-1DFFD7264494}.Debug|Any CPU.Build.0 = Debug|Any CPU
		{0C20A793-8F5F-4FBA-BBF1-1DFFD7264494}.Release|Any CPU.ActiveCfg = Release|Any CPU
		{0C20A793-8F5F-4FBA-BBF1-1DFFD7264494}.Release|Any CPU.Build.0 = Release|Any CPU
	EndGlobalSection
	GlobalSection(SolutionProperties) = preSolution
		HideSolutionNode = FALSE
	EndGlobalSection
	GlobalSection(ExtensibilityGlobals) = postSolution
		SolutionGuid = {AA850905-9BD1-44D1-BC9D-4B00DB8DDD72}
	EndGlobalSection
EndGlobal
